// !$*UTF8*$!
{
	archiveVersion = 1;
	classes = {
	};
	objectVersion = 56;
	objects = {

/* Begin PBXBuildFile section */
		C7BE033E2B2F8EAF005809DE /* AppDelegate.swift in Sources */ = {isa = PBXBuildFile; fileRef = C7BE033D2B2F8EAF005809DE /* AppDelegate.swift */; };
		C7BE03402B2F8EAF005809DE /* SceneDelegate.swift in Sources */ = {isa = PBXBuildFile; fileRef = C7BE033F2B2F8EAF005809DE /* SceneDelegate.swift */; };
		C7BE03422B2F8EAF005809DE /* ViewController.swift in Sources */ = {isa = PBXBuildFile; fileRef = C7BE03412B2F8EAF005809DE /* ViewController.swift */; };
		C7BE03452B2F8EB0005809DE /* Main.storyboard in Resources */ = {isa = PBXBuildFile; fileRef = C7BE03432B2F8EB0005809DE /* Main.storyboard */; };
		C7BE03472B2F8EB3005809DE /* Assets.xcassets in Resources */ = {isa = PBXBuildFile; fileRef = C7BE03462B2F8EB3005809DE /* Assets.xcassets */; };
		C7BE034A2B2F8EB3005809DE /* LaunchScreen.storyboard in Resources */ = {isa = PBXBuildFile; fileRef = C7BE03482B2F8EB3005809DE /* LaunchScreen.storyboard */; };
		C7BE03552B2F8EB4005809DE /* projektSprint3Tests.swift in Sources */ = {isa = PBXBuildFile; fileRef = C7BE03542B2F8EB4005809DE /* projektSprint3Tests.swift */; };
		C7BE035F2B2F8EB4005809DE /* projektSprint3UITests.swift in Sources */ = {isa = PBXBuildFile; fileRef = C7BE035E2B2F8EB4005809DE /* projektSprint3UITests.swift */; };
		C7BE03612B2F8EB4005809DE /* projektSprint3UITestsLaunchTests.swift in Sources */ = {isa = PBXBuildFile; fileRef = C7BE03602B2F8EB4005809DE /* projektSprint3UITestsLaunchTests.swift */; };
/* End PBXBuildFile section */

/* Begin PBXContainerItemProxy section */
		C7BE03512B2F8EB4005809DE /* PBXContainerItemProxy */ = {
			isa = PBXContainerItemProxy;
			containerPortal = C7BE03322B2F8EAF005809DE /* Project object */;
			proxyType = 1;
			remoteGlobalIDString = C7BE03392B2F8EAF005809DE;
			remoteInfo = projektSprint3;
		};
		C7BE035B2B2F8EB4005809DE /* PBXContainerItemProxy */ = {
			isa = PBXContainerItemProxy;
			containerPortal = C7BE03322B2F8EAF005809DE /* Project object */;
			proxyType = 1;
			remoteGlobalIDString = C7BE03392B2F8EAF005809DE;
			remoteInfo = projektSprint3;
		};
/* End PBXContainerItemProxy section */

/* Begin PBXFileReference section */
		C7BE033A2B2F8EAF005809DE /* projektSprint3.app */ = {isa = PBXFileReference; explicitFileType = wrapper.application; includeInIndex = 0; path = projektSprint3.app; sourceTree = BUILT_PRODUCTS_DIR; };
		C7BE033D2B2F8EAF005809DE /* AppDelegate.swift */ = {isa = PBXFileReference; lastKnownFileType = sourcecode.swift; path = AppDelegate.swift; sourceTree = "<group>"; };
		C7BE033F2B2F8EAF005809DE /* SceneDelegate.swift */ = {isa = PBXFileReference; lastKnownFileType = sourcecode.swift; path = SceneDelegate.swift; sourceTree = "<group>"; };
		C7BE03412B2F8EAF005809DE /* ViewController.swift */ = {isa = PBXFileReference; lastKnownFileType = sourcecode.swift; path = ViewController.swift; sourceTree = "<group>"; };
		C7BE03442B2F8EB0005809DE /* Base */ = {isa = PBXFileReference; lastKnownFileType = file.storyboard; name = Base; path = Base.lproj/Main.storyboard; sourceTree = "<group>"; };
		C7BE03462B2F8EB3005809DE /* Assets.xcassets */ = {isa = PBXFileReference; lastKnownFileType = folder.assetcatalog; path = Assets.xcassets; sourceTree = "<group>"; };
		C7BE03492B2F8EB3005809DE /* Base */ = {isa = PBXFileReference; lastKnownFileType = file.storyboard; name = Base; path = Base.lproj/LaunchScreen.storyboard; sourceTree = "<group>"; };
		C7BE034B2B2F8EB3005809DE /* Info.plist */ = {isa = PBXFileReference; lastKnownFileType = text.plist.xml; path = Info.plist; sourceTree = "<group>"; };
		C7BE03502B2F8EB4005809DE /* projektSprint3Tests.xctest */ = {isa = PBXFileReference; explicitFileType = wrapper.cfbundle; includeInIndex = 0; path = projektSprint3Tests.xctest; sourceTree = BUILT_PRODUCTS_DIR; };
		C7BE03542B2F8EB4005809DE /* projektSprint3Tests.swift */ = {isa = PBXFileReference; lastKnownFileType = sourcecode.swift; path = projektSprint3Tests.swift; sourceTree = "<group>"; };
		C7BE035A2B2F8EB4005809DE /* projektSprint3UITests.xctest */ = {isa = PBXFileReference; explicitFileType = wrapper.cfbundle; includeInIndex = 0; path = projektSprint3UITests.xctest; sourceTree = BUILT_PRODUCTS_DIR; };
		C7BE035E2B2F8EB4005809DE /* projektSprint3UITests.swift */ = {isa = PBXFileReference; lastKnownFileType = sourcecode.swift; path = projektSprint3UITests.swift; sourceTree = "<group>"; };
		C7BE03602B2F8EB4005809DE /* projektSprint3UITestsLaunchTests.swift */ = {isa = PBXFileReference; lastKnownFileType = sourcecode.swift; path = projektSprint3UITestsLaunchTests.swift; sourceTree = "<group>"; };
/* End PBXFileReference section */

/* Begin PBXFrameworksBuildPhase section */
		C7BE03372B2F8EAF005809DE /* Frameworks */ = {
			isa = PBXFrameworksBuildPhase;
			buildActionMask = 2147483647;
			files = (
			);
			runOnlyForDeploymentPostprocessing = 0;
		};
		C7BE034D2B2F8EB4005809DE /* Frameworks */ = {
			isa = PBXFrameworksBuildPhase;
			buildActionMask = 2147483647;
			files = (
			);
			runOnlyForDeploymentPostprocessing = 0;
		};
		C7BE03572B2F8EB4005809DE /* Frameworks */ = {
			isa = PBXFrameworksBuildPhase;
			buildActionMask = 2147483647;
			files = (
			);
			runOnlyForDeploymentPostprocessing = 0;
		};
/* End PBXFrameworksBuildPhase section */

/* Begin PBXGroup section */
		C7BE03312B2F8EAF005809DE = {
			isa = PBXGroup;
			children = (
				C7BE033C2B2F8EAF005809DE /* projektSprint3 */,
				C7BE03532B2F8EB4005809DE /* projektSprint3Tests */,
				C7BE035D2B2F8EB4005809DE /* projektSprint3UITests */,
				C7BE033B2B2F8EAF005809DE /* Products */,
			);
			sourceTree = "<group>";
		};
		C7BE033B2B2F8EAF005809DE /* Products */ = {
			isa = PBXGroup;
			children = (
				C7BE033A2B2F8EAF005809DE /* projektSprint3.app */,
				C7BE03502B2F8EB4005809DE /* projektSprint3Tests.xctest */,
				C7BE035A2B2F8EB4005809DE /* projektSprint3UITests.xctest */,
			);
			name = Products;
			sourceTree = "<group>";
		};
		C7BE033C2B2F8EAF005809DE /* projektSprint3 */ = {
			isa = PBXGroup;
			children = (
				C7BE033D2B2F8EAF005809DE /* AppDelegate.swift */,
				C7BE033F2B2F8EAF005809DE /* SceneDelegate.swift */,
				C7BE03412B2F8EAF005809DE /* ViewController.swift */,
				C7BE03432B2F8EB0005809DE /* Main.storyboard */,
				C7BE03462B2F8EB3005809DE /* Assets.xcassets */,
				C7BE03482B2F8EB3005809DE /* LaunchScreen.storyboard */,
				C7BE034B2B2F8EB3005809DE /* Info.plist */,
			);
			path = projektSprint3;
			sourceTree = "<group>";
		};
		C7BE03532B2F8EB4005809DE /* projektSprint3Tests */ = {
			isa = PBXGroup;
			children = (
				C7BE03542B2F8EB4005809DE /* projektSprint3Tests.swift */,
			);
			path = projektSprint3Tests;
			sourceTree = "<group>";
		};
		C7BE035D2B2F8EB4005809DE /* projektSprint3UITests */ = {
			isa = PBXGroup;
			children = (
				C7BE035E2B2F8EB4005809DE /* projektSprint3UITests.swift */,
				C7BE03602B2F8EB4005809DE /* projektSprint3UITestsLaunchTests.swift */,
			);
			path = projektSprint3UITests;
			sourceTree = "<group>";
		};
/* End PBXGroup section */

/* Begin PBXNativeTarget section */
		C7BE03392B2F8EAF005809DE /* projektSprint3 */ = {
			isa = PBXNativeTarget;
			buildConfigurationList = C7BE03642B2F8EB4005809DE /* Build configuration list for PBXNativeTarget "projektSprint3" */;
			buildPhases = (
				C7BE03362B2F8EAF005809DE /* Sources */,
				C7BE03372B2F8EAF005809DE /* Frameworks */,
				C7BE03382B2F8EAF005809DE /* Resources */,
			);
			buildRules = (
			);
			dependencies = (
			);
			name = projektSprint3;
			productName = projektSprint3;
			productReference = C7BE033A2B2F8EAF005809DE /* projektSprint3.app */;
			productType = "com.apple.product-type.application";
		};
		C7BE034F2B2F8EB4005809DE /* projektSprint3Tests */ = {
			isa = PBXNativeTarget;
			buildConfigurationList = C7BE03672B2F8EB4005809DE /* Build configuration list for PBXNativeTarget "projektSprint3Tests" */;
			buildPhases = (
				C7BE034C2B2F8EB4005809DE /* Sources */,
				C7BE034D2B2F8EB4005809DE /* Frameworks */,
				C7BE034E2B2F8EB4005809DE /* Resources */,
			);
			buildRules = (
			);
			dependencies = (
				C7BE03522B2F8EB4005809DE /* PBXTargetDependency */,
			);
			name = projektSprint3Tests;
			productName = projektSprint3Tests;
			productReference = C7BE03502B2F8EB4005809DE /* projektSprint3Tests.xctest */;
			productType = "com.apple.product-type.bundle.unit-test";
		};
		C7BE03592B2F8EB4005809DE /* projektSprint3UITests */ = {
			isa = PBXNativeTarget;
			buildConfigurationList = C7BE036A2B2F8EB4005809DE /* Build configuration list for PBXNativeTarget "projektSprint3UITests" */;
			buildPhases = (
				C7BE03562B2F8EB4005809DE /* Sources */,
				C7BE03572B2F8EB4005809DE /* Frameworks */,
				C7BE03582B2F8EB4005809DE /* Resources */,
			);
			buildRules = (
			);
			dependencies = (
				C7BE035C2B2F8EB4005809DE /* PBXTargetDependency */,
			);
			name = projektSprint3UITests;
			productName = projektSprint3UITests;
			productReference = C7BE035A2B2F8EB4005809DE /* projektSprint3UITests.xctest */;
			productType = "com.apple.product-type.bundle.ui-testing";
		};
/* End PBXNativeTarget section */

/* Begin PBXProject section */
		C7BE03322B2F8EAF005809DE /* Project object */ = {
			isa = PBXProject;
			attributes = {
				BuildIndependentTargetsInParallel = 1;
				LastSwiftUpdateCheck = 1510;
				LastUpgradeCheck = 1510;
				TargetAttributes = {
					C7BE03392B2F8EAF005809DE = {
						CreatedOnToolsVersion = 15.1;
					};
					C7BE034F2B2F8EB4005809DE = {
						CreatedOnToolsVersion = 15.1;
						TestTargetID = C7BE03392B2F8EAF005809DE;
					};
					C7BE03592B2F8EB4005809DE = {
						CreatedOnToolsVersion = 15.1;
						TestTargetID = C7BE03392B2F8EAF005809DE;
					};
				};
			};
			buildConfigurationList = C7BE03352B2F8EAF005809DE /* Build configuration list for PBXProject "projektSprint3" */;
			compatibilityVersion = "Xcode 14.0";
			developmentRegion = en;
			hasScannedForEncodings = 0;
			knownRegions = (
				en,
				Base,
			);
			mainGroup = C7BE03312B2F8EAF005809DE;
			productRefGroup = C7BE033B2B2F8EAF005809DE /* Products */;
			projectDirPath = "";
			projectRoot = "";
			targets = (
				C7BE03392B2F8EAF005809DE /* projektSprint3 */,
				C7BE034F2B2F8EB4005809DE /* projektSprint3Tests */,
				C7BE03592B2F8EB4005809DE /* projektSprint3UITests */,
			);
		};
/* End PBXProject section */

/* Begin PBXResourcesBuildPhase section */
		C7BE03382B2F8EAF005809DE /* Resources */ = {
			isa = PBXResourcesBuildPhase;
			buildActionMask = 2147483647;
			files = (
				C7BE034A2B2F8EB3005809DE /* LaunchScreen.storyboard in Resources */,
				C7BE03472B2F8EB3005809DE /* Assets.xcassets in Resources */,
				C7BE03452B2F8EB0005809DE /* Main.storyboard in Resources */,
			);
			runOnlyForDeploymentPostprocessing = 0;
		};
		C7BE034E2B2F8EB4005809DE /* Resources */ = {
			isa = PBXResourcesBuildPhase;
			buildActionMask = 2147483647;
			files = (
			);
			runOnlyForDeploymentPostprocessing = 0;
		};
		C7BE03582B2F8EB4005809DE /* Resources */ = {
			isa = PBXResourcesBuildPhase;
			buildActionMask = 2147483647;
			files = (
			);
			runOnlyForDeploymentPostprocessing = 0;
		};
/* End PBXResourcesBuildPhase section */

/* Begin PBXSourcesBuildPhase section */
		C7BE03362B2F8EAF005809DE /* Sources */ = {
			isa = PBXSourcesBuildPhase;
			buildActionMask = 2147483647;
			files = (
				C7BE03422B2F8EAF005809DE /* ViewController.swift in Sources */,
				C7BE033E2B2F8EAF005809DE /* AppDelegate.swift in Sources */,
				C7BE03402B2F8EAF005809DE /* SceneDelegate.swift in Sources */,
			);
			runOnlyForDeploymentPostprocessing = 0;
		};
		C7BE034C2B2F8EB4005809DE /* Sources */ = {
			isa = PBXSourcesBuildPhase;
			buildActionMask = 2147483647;
			files = (
				C7BE03552B2F8EB4005809DE /* projektSprint3Tests.swift in Sources */,
			);
			runOnlyForDeploymentPostprocessing = 0;
		};
		C7BE03562B2F8EB4005809DE /* Sources */ = {
			isa = PBXSourcesBuildPhase;
			buildActionMask = 2147483647;
			files = (
				C7BE03612B2F8EB4005809DE /* projektSprint3UITestsLaunchTests.swift in Sources */,
				C7BE035F2B2F8EB4005809DE /* projektSprint3UITests.swift in Sources */,
			);
			runOnlyForDeploymentPostprocessing = 0;
		};
/* End PBXSourcesBuildPhase section */

/* Begin PBXTargetDependency section */
		C7BE03522B2F8EB4005809DE /* PBXTargetDependency */ = {
			isa = PBXTargetDependency;
			target = C7BE03392B2F8EAF005809DE /* projektSprint3 */;
			targetProxy = C7BE03512B2F8EB4005809DE /* PBXContainerItemProxy */;
		};
		C7BE035C2B2F8EB4005809DE /* PBXTargetDependency */ = {
			isa = PBXTargetDependency;
			target = C7BE03392B2F8EAF005809DE /* projektSprint3 */;
			targetProxy = C7BE035B2B2F8EB4005809DE /* PBXContainerItemProxy */;
		};
/* End PBXTargetDependency section */

/* Begin PBXVariantGroup section */
		C7BE03432B2F8EB0005809DE /* Main.storyboard */ = {
			isa = PBXVariantGroup;
			children = (
				C7BE03442B2F8EB0005809DE /* Base */,
			);
			name = Main.storyboard;
			sourceTree = "<group>";
		};
		C7BE03482B2F8EB3005809DE /* LaunchScreen.storyboard */ = {
			isa = PBXVariantGroup;
			children = (
				C7BE03492B2F8EB3005809DE /* Base */,
			);
			name = LaunchScreen.storyboard;
			sourceTree = "<group>";
		};
/* End PBXVariantGroup section */

/* Begin XCBuildConfiguration section */
		C7BE03622B2F8EB4005809DE /* Debug */ = {
			isa = XCBuildConfiguration;
			buildSettings = {
				ALWAYS_SEARCH_USER_PATHS = NO;
				ASSETCATALOG_COMPILER_GENERATE_SWIFT_ASSET_SYMBOL_EXTENSIONS = YES;
				CLANG_ANALYZER_NONNULL = YES;
				CLANG_ANALYZER_NUMBER_OBJECT_CONVERSION = YES_AGGRESSIVE;
				CLANG_CXX_LANGUAGE_STANDARD = "gnu++20";
				CLANG_ENABLE_MODULES = YES;
				CLANG_ENABLE_OBJC_ARC = YES;
				CLANG_ENABLE_OBJC_WEAK = YES;
				CLANG_WARN_BLOCK_CAPTURE_AUTORELEASING = YES;
				CLANG_WARN_BOOL_CONVERSION = YES;
				CLANG_WARN_COMMA = YES;
				CLANG_WARN_CONSTANT_CONVERSION = YES;
				CLANG_WARN_DEPRECATED_OBJC_IMPLEMENTATIONS = YES;
				CLANG_WARN_DIRECT_OBJC_ISA_USAGE = YES_ERROR;
				CLANG_WARN_DOCUMENTATION_COMMENTS = YES;
				CLANG_WARN_EMPTY_BODY = YES;
				CLANG_WARN_ENUM_CONVERSION = YES;
				CLANG_WARN_INFINITE_RECURSION = YES;
				CLANG_WARN_INT_CONVERSION = YES;
				CLANG_WARN_NON_LITERAL_NULL_CONVERSION = YES;
				CLANG_WARN_OBJC_IMPLICIT_RETAIN_SELF = YES;
				CLANG_WARN_OBJC_LITERAL_CONVERSION = YES;
				CLANG_WARN_OBJC_ROOT_CLASS = YES_ERROR;
				CLANG_WARN_QUOTED_INCLUDE_IN_FRAMEWORK_HEADER = YES;
				CLANG_WARN_RANGE_LOOP_ANALYSIS = YES;
				CLANG_WARN_STRICT_PROTOTYPES = YES;
				CLANG_WARN_SUSPICIOUS_MOVE = YES;
				CLANG_WARN_UNGUARDED_AVAILABILITY = YES_AGGRESSIVE;
				CLANG_WARN_UNREACHABLE_CODE = YES;
				CLANG_WARN__DUPLICATE_METHOD_MATCH = YES;
				COPY_PHASE_STRIP = NO;
				DEBUG_INFORMATION_FORMAT = dwarf;
				ENABLE_STRICT_OBJC_MSGSEND = YES;
				ENABLE_TESTABILITY = YES;
				ENABLE_USER_SCRIPT_SANDBOXING = YES;
				GCC_C_LANGUAGE_STANDARD = gnu17;
				GCC_DYNAMIC_NO_PIC = NO;
				GCC_NO_COMMON_BLOCKS = YES;
				GCC_OPTIMIZATION_LEVEL = 0;
				GCC_PREPROCESSOR_DEFINITIONS = (
					"DEBUG=1",
					"$(inherited)",
				);
				GCC_WARN_64_TO_32_BIT_CONVERSION = YES;
				GCC_WARN_ABOUT_RETURN_TYPE = YES_ERROR;
				GCC_WARN_UNDECLARED_SELECTOR = YES;
				GCC_WARN_UNINITIALIZED_AUTOS = YES_AGGRESSIVE;
				GCC_WARN_UNUSED_FUNCTION = YES;
				GCC_WARN_UNUSED_VARIABLE = YES;
				IPHONEOS_DEPLOYMENT_TARGET = 17.2;
				LOCALIZATION_PREFERS_STRING_CATALOGS = YES;
				MTL_ENABLE_DEBUG_INFO = INCLUDE_SOURCE;
				MTL_FAST_MATH = YES;
				ONLY_ACTIVE_ARCH = YES;
				SDKROOT = iphoneos;
				SWIFT_ACTIVE_COMPILATION_CONDITIONS = "DEBUG $(inherited)";
				SWIFT_OPTIMIZATION_LEVEL = "-Onone";
			};
			name = Debug;
		};
		C7BE03632B2F8EB4005809DE /* Release */ = {
			isa = XCBuildConfiguration;
			buildSettings = {
				ALWAYS_SEARCH_USER_PATHS = NO;
				ASSETCATALOG_COMPILER_GENERATE_SWIFT_ASSET_SYMBOL_EXTENSIONS = YES;
				CLANG_ANALYZER_NONNULL = YES;
				CLANG_ANALYZER_NUMBER_OBJECT_CONVERSION = YES_AGGRESSIVE;
				CLANG_CXX_LANGUAGE_STANDARD = "gnu++20";
				CLANG_ENABLE_MODULES = YES;
				CLANG_ENABLE_OBJC_ARC = YES;
				CLANG_ENABLE_OBJC_WEAK = YES;
				CLANG_WARN_BLOCK_CAPTURE_AUTORELEASING = YES;
				CLANG_WARN_BOOL_CONVERSION = YES;
				CLANG_WARN_COMMA = YES;
				CLANG_WARN_CONSTANT_CONVERSION = YES;
				CLANG_WARN_DEPRECATED_OBJC_IMPLEMENTATIONS = YES;
				CLANG_WARN_DIRECT_OBJC_ISA_USAGE = YES_ERROR;
				CLANG_WARN_DOCUMENTATION_COMMENTS = YES;
				CLANG_WARN_EMPTY_BODY = YES;
				CLANG_WARN_ENUM_CONVERSION = YES;
				CLANG_WARN_INFINITE_RECURSION = YES;
				CLANG_WARN_INT_CONVERSION = YES;
				CLANG_WARN_NON_LITERAL_NULL_CONVERSION = YES;
				CLANG_WARN_OBJC_IMPLICIT_RETAIN_SELF = YES;
				CLANG_WARN_OBJC_LITERAL_CONVERSION = YES;
				CLANG_WARN_OBJC_ROOT_CLASS = YES_ERROR;
				CLANG_WARN_QUOTED_INCLUDE_IN_FRAMEWORK_HEADER = YES;
				CLANG_WARN_RANGE_LOOP_ANALYSIS = YES;
				CLANG_WARN_STRICT_PROTOTYPES = YES;
				CLANG_WARN_SUSPICIOUS_MOVE = YES;
				CLANG_WARN_UNGUARDED_AVAILABILITY = YES_AGGRESSIVE;
				CLANG_WARN_UNREACHABLE_CODE = YES;
				CLANG_WARN__DUPLICATE_METHOD_MATCH = YES;
				COPY_PHASE_STRIP = NO;
				DEBUG_INFORMATION_FORMAT = "dwarf-with-dsym";
				ENABLE_NS_ASSERTIONS = NO;
				ENABLE_STRICT_OBJC_MSGSEND = YES;
				ENABLE_USER_SCRIPT_SANDBOXING = YES;
				GCC_C_LANGUAGE_STANDARD = gnu17;
				GCC_NO_COMMON_BLOCKS = YES;
				GCC_WARN_64_TO_32_BIT_CONVERSION = YES;
				GCC_WARN_ABOUT_RETURN_TYPE = YES_ERROR;
				GCC_WARN_UNDECLARED_SELECTOR = YES;
				GCC_WARN_UNINITIALIZED_AUTOS = YES_AGGRESSIVE;
				GCC_WARN_UNUSED_FUNCTION = YES;
				GCC_WARN_UNUSED_VARIABLE = YES;
				IPHONEOS_DEPLOYMENT_TARGET = 17.2;
				LOCALIZATION_PREFERS_STRING_CATALOGS = YES;
				MTL_ENABLE_DEBUG_INFO = NO;
				MTL_FAST_MATH = YES;
				SDKROOT = iphoneos;
				SWIFT_COMPILATION_MODE = wholemodule;
				VALIDATE_PRODUCT = YES;
			};
			name = Release;
		};
		C7BE03652B2F8EB4005809DE /* Debug */ = {
			isa = XCBuildConfiguration;
			buildSettings = {
				ASSETCATALOG_COMPILER_APPICON_NAME = AppIcon;
				ASSETCATALOG_COMPILER_GLOBAL_ACCENT_COLOR_NAME = AccentColor;
				CODE_SIGN_STYLE = Automatic;
				CURRENT_PROJECT_VERSION = 1;
				DEVELOPMENT_TEAM = MKRHW72LY3;
				GENERATE_INFOPLIST_FILE = YES;
				INFOPLIST_FILE = projektSprint3/Info.plist;
				INFOPLIST_KEY_UIApplicationSupportsIndirectInputEvents = YES;
				INFOPLIST_KEY_UILaunchStoryboardName = LaunchScreen;
				INFOPLIST_KEY_UIMainStoryboardFile = Main;
				INFOPLIST_KEY_UISupportedInterfaceOrientations_iPad = "UIInterfaceOrientationPortrait UIInterfaceOrientationPortraitUpsideDown UIInterfaceOrientationLandscapeLeft UIInterfaceOrientationLandscapeRight";
				INFOPLIST_KEY_UISupportedInterfaceOrientations_iPhone = "UIInterfaceOrientationPortrait UIInterfaceOrientationLandscapeLeft UIInterfaceOrientationLandscapeRight";
				LD_RUNPATH_SEARCH_PATHS = (
					"$(inherited)",
					"@executable_path/Frameworks",
				);
				MARKETING_VERSION = 1.0;
				PRODUCT_BUNDLE_IDENTIFIER = nannnananannanan.projektSprint3;
				PRODUCT_NAME = "$(TARGET_NAME)";
				SWIFT_EMIT_LOC_STRINGS = YES;
				SWIFT_VERSION = 5.0;
				TARGETED_DEVICE_FAMILY = "1,2";
			};
			name = Debug;
		};
		C7BE03662B2F8EB4005809DE /* Release */ = {
			isa = XCBuildConfiguration;
			buildSettings = {
				ASSETCATALOG_COMPILER_APPICON_NAME = AppIcon;
				ASSETCATALOG_COMPILER_GLOBAL_ACCENT_COLOR_NAME = AccentColor;
				CODE_SIGN_STYLE = Automatic;
				CURRENT_PROJECT_VERSION = 1;
				DEVELOPMENT_TEAM = MKRHW72LY3;
				GENERATE_INFOPLIST_FILE = YES;
				INFOPLIST_FILE = projektSprint3/Info.plist;
				INFOPLIST_KEY_UIApplicationSupportsIndirectInputEvents = YES;
				INFOPLIST_KEY_UILaunchStoryboardName = LaunchScreen;
				INFOPLIST_KEY_UIMainStoryboardFile = Main;
				INFOPLIST_KEY_UISupportedInterfaceOrientations_iPad = "UIInterfaceOrientationPortrait UIInterfaceOrientationPortraitUpsideDown UIInterfaceOrientationLandscapeLeft UIInterfaceOrientationLandscapeRight";
				INFOPLIST_KEY_UISupportedInterfaceOrientations_iPhone = "UIInterfaceOrientationPortrait UIInterfaceOrientationLandscapeLeft UIInterfaceOrientationLandscapeRight";
				LD_RUNPATH_SEARCH_PATHS = (
					"$(inherited)",
					"@executable_path/Frameworks",
				);
				MARKETING_VERSION = 1.0;
				PRODUCT_BUNDLE_IDENTIFIER = nannnananannanan.projektSprint3;
				PRODUCT_NAME = "$(TARGET_NAME)";
				SWIFT_EMIT_LOC_STRINGS = YES;
				SWIFT_VERSION = 5.0;
				TARGETED_DEVICE_FAMILY = "1,2";
			};
			name = Release;
		};
		C7BE03682B2F8EB4005809DE /* Debug */ = {
			isa = XCBuildConfiguration;
			buildSettings = {
				ALWAYS_EMBED_SWIFT_STANDARD_LIBRARIES = YES;
				BUNDLE_LOADER = "$(TEST_HOST)";
				CODE_SIGN_STYLE = Automatic;
				CURRENT_PROJECT_VERSION = 1;
				DEVELOPMENT_TEAM = MKRHW72LY3;
				GENERATE_INFOPLIST_FILE = YES;
				IPHONEOS_DEPLOYMENT_TARGET = 17.2;
				MARKETING_VERSION = 1.0;
				PRODUCT_BUNDLE_IDENTIFIER = nannnananannanan.projektSprint3Tests;
				PRODUCT_NAME = "$(TARGET_NAME)";
				SWIFT_EMIT_LOC_STRINGS = NO;
				SWIFT_VERSION = 5.0;
				TARGETED_DEVICE_FAMILY = "1,2";
				TEST_HOST = "$(BUILT_PRODUCTS_DIR)/projektSprint3.app/$(BUNDLE_EXECUTABLE_FOLDER_PATH)/projektSprint3";
			};
			name = Debug;
		};
		C7BE03692B2F8EB4005809DE /* Release */ = {
			isa = XCBuildConfiguration;
			buildSettings = {
				ALWAYS_EMBED_SWIFT_STANDARD_LIBRARIES = YES;
				BUNDLE_LOADER = "$(TEST_HOST)";
				CODE_SIGN_STYLE = Automatic;
				CURRENT_PROJECT_VERSION = 1;
				DEVELOPMENT_TEAM = MKRHW72LY3;
				GENERATE_INFOPLIST_FILE = YES;
				IPHONEOS_DEPLOYMENT_TARGET = 17.2;
				MARKETING_VERSION = 1.0;
				PRODUCT_BUNDLE_IDENTIFIER = nannnananannanan.projektSprint3Tests;
				PRODUCT_NAME = "$(TARGET_NAME)";
				SWIFT_EMIT_LOC_STRINGS = NO;
				SWIFT_VERSION = 5.0;
				TARGETED_DEVICE_FAMILY = "1,2";
				TEST_HOST = "$(BUILT_PRODUCTS_DIR)/projektSprint3.app/$(BUNDLE_EXECUTABLE_FOLDER_PATH)/projektSprint3";
			};
			name = Release;
		};
		C7BE036B2B2F8EB4005809DE /* Debug */ = {
			isa = XCBuildConfiguration;
			buildSettings = {
				ALWAYS_EMBED_SWIFT_STANDARD_LIBRARIES = YES;
				CODE_SIGN_STYLE = Automatic;
				CURRENT_PROJECT_VERSION = 1;
				DEVELOPMENT_TEAM = MKRHW72LY3;
				GENERATE_INFOPLIST_FILE = YES;
				MARKETING_VERSION = 1.0;
				PRODUCT_BUNDLE_IDENTIFIER = nannnananannanan.projektSprint3UITests;
				PRODUCT_NAME = "$(TARGET_NAME)";
				SWIFT_EMIT_LOC_STRINGS = NO;
				SWIFT_VERSION = 5.0;
				TARGETED_DEVICE_FAMILY = "1,2";
				TEST_TARGET_NAME = projektSprint3;
			};
			name = Debug;
		};
		C7BE036C2B2F8EB4005809DE /* Release */ = {
			isa = XCBuildConfiguration;
			buildSettings = {
				ALWAYS_EMBED_SWIFT_STANDARD_LIBRARIES = YES;
				CODE_SIGN_STYLE = Automatic;
				CURRENT_PROJECT_VERSION = 1;
				DEVELOPMENT_TEAM = MKRHW72LY3;
				GENERATE_INFOPLIST_FILE = YES;
				MARKETING_VERSION = 1.0;
				PRODUCT_BUNDLE_IDENTIFIER = nannnananannanan.projektSprint3UITests;
				PRODUCT_NAME = "$(TARGET_NAME)";
				SWIFT_EMIT_LOC_STRINGS = NO;
				SWIFT_VERSION = 5.0;
				TARGETED_DEVICE_FAMILY = "1,2";
				TEST_TARGET_NAME = projektSprint3;
			};
			name = Release;
		};
/* End XCBuildConfiguration section */

/* Begin XCConfigurationList section */
		C7BE03352B2F8EAF005809DE /* Build configuration list for PBXProject "projektSprint3" */ = {
			isa = XCConfigurationList;
			buildConfigurations = (
				C7BE03622B2F8EB4005809DE /* Debug */,
				C7BE03632B2F8EB4005809DE /* Release */,
			);
			defaultConfigurationIsVisible = 0;
			defaultConfigurationName = Release;
		};
		C7BE03642B2F8EB4005809DE /* Build configuration list for PBXNativeTarget "projektSprint3" */ = {
			isa = XCConfigurationList;
			buildConfigurations = (
				C7BE03652B2F8EB4005809DE /* Debug */,
				C7BE03662B2F8EB4005809DE /* Release */,
			);
			defaultConfigurationIsVisible = 0;
			defaultConfigurationName = Release;
		};
		C7BE03672B2F8EB4005809DE /* Build configuration list for PBXNativeTarget "projektSprint3Tests" */ = {
			isa = XCConfigurationList;
			buildConfigurations = (
				C7BE03682B2F8EB4005809DE /* Debug */,
				C7BE03692B2F8EB4005809DE /* Release */,
			);
			defaultConfigurationIsVisible = 0;
			defaultConfigurationName = Release;
		};
		C7BE036A2B2F8EB4005809DE /* Build configuration list for PBXNativeTarget "projektSprint3UITests" */ = {
			isa = XCConfigurationList;
			buildConfigurations = (
				C7BE036B2B2F8EB4005809DE /* Debug */,
				C7BE036C2B2F8EB4005809DE /* Release */,
			);
			defaultConfigurationIsVisible = 0;
			defaultConfigurationName = Release;
		};
/* End XCConfigurationList section */
	};
	rootObject = C7BE03322B2F8EAF005809DE /* Project object */;
}
